<?xml version="1.0" encoding="utf-8"?>
<Project ToolsVersion="4.0" xmlns="http://schemas.microsoft.com/developer/msbuild/2003">
  <ItemGroup>
    <Filter Include="Source files">
      <UniqueIdentifier>{4406396a-108f-4fd8-9166-adc6b8b710ae}</UniqueIdentifier>
      <Extensions>cpp;c;cc;cxx;def;odl;idl;hpj;bat;asm;asmx</Extensions>
    </Filter>
    <Filter Include="Header files">
      <UniqueIdentifier>{1d751d56-da4d-45ae-9550-50c2fd883b0e}</UniqueIdentifier>
      <Extensions>h;hpp;hxx;hm;inl;inc;xsd</Extensions>
    </Filter>
    <Filter Include="Resource files">
      <UniqueIdentifier>{b0530eb6-c493-4ce7-a74d-057cce8fb5ae}</UniqueIdentifier>
      <Extensions>rc;ico;cur;bmp;dlg;rc2;rct;bin;rgs;gif;jpg;jpeg;jpe;resx;tiff;tif;png;wav</Extensions>
    </Filter>
    <Filter Include="Source files\Application">
      <UniqueIdentifier>{e4cb923e-a4af-4ebc-bd03-e199fb2e37f6}</UniqueIdentifier>
    </Filter>
    <Filter Include="Source files\Application\MDK-ARM">
      <UniqueIdentifier>{201281ba-eb3d-47e8-9803-d695dcd36eb7}</UniqueIdentifier>
    </Filter>
    <Filter Include="Source files\Application\User">
      <UniqueIdentifier>{79c4105d-0d6e-4e07-a280-39a81d6102a3}</UniqueIdentifier>
    </Filter>
    <Filter Include="Source files\Drivers">
      <UniqueIdentifier>{b4c31350-7fa5-4007-8a0f-03e3d0c4d1d4}</UniqueIdentifier>
    </Filter>
    <Filter Include="Source files\Drivers\STM32F1xx_HAL_Driver">
      <UniqueIdentifier>{802b8ebe-7b86-4b4e-92d3-f23bbf72f796}</UniqueIdentifier>
    </Filter>
    <Filter Include="Source files\Drivers\CMSIS">
      <UniqueIdentifier>{968c0e7a-6b4a-48cd-a502-319ccfbc2716}</UniqueIdentifier>
    </Filter>
    <Filter Include="Source files\::CMSIS">
      <UniqueIdentifier>{b7af394a-25e8-4af1-8400-2ee45823a36b}</UniqueIdentifier>
    </Filter>
    <Filter Include="Source files\Device-specific files">
      <UniqueIdentifier>{f843f5cd-aa45-4e82-97e6-c2c72eead4e2}</UniqueIdentifier>
    </Filter>
    <Filter Include="Header files\Application">
      <UniqueIdentifier>{a19d1bf5-6df2-40aa-8c30-a34c9c112707}</UniqueIdentifier>
    </Filter>
    <Filter Include="Header files\Application\MDK-ARM">
      <UniqueIdentifier>{6ccc0654-f6a0-49a2-ad6a-1a401cfdb157}</UniqueIdentifier>
    </Filter>
    <Filter Include="Header files\Application\User">
      <UniqueIdentifier>{48a1585f-9faa-4b79-8559-aace1acfbede}</UniqueIdentifier>
    </Filter>
    <Filter Include="Header files\Drivers">
      <UniqueIdentifier>{8c1c90b1-b1bb-4c33-8563-90751cbe7237}</UniqueIdentifier>
    </Filter>
    <Filter Include="Header files\Drivers\STM32F1xx_HAL_Driver">
      <UniqueIdentifier>{0c82dece-0bf4-418a-8618-9b66f3f41187}</UniqueIdentifier>
    </Filter>
    <Filter Include="Header files\Drivers\CMSIS">
      <UniqueIdentifier>{74094edd-124a-4924-93ab-453484bb69b3}</UniqueIdentifier>
    </Filter>
    <Filter Include="Header files\::CMSIS">
      <UniqueIdentifier>{cb6527f1-6d0a-4cc2-9bca-b00de2ede861}</UniqueIdentifier>
    </Filter>
    <Filter Include="Header files\Device-specific files">
      <UniqueIdentifier>{2a2e0714-436b-4cae-9dcb-6956be0933a5}</UniqueIdentifier>
    </Filter>
    <Filter Include="VisualGDB settings">
      <UniqueIdentifier>{c6fa5af9-3d3f-40d2-966e-1d37e7c4a97f}</UniqueIdentifier>
    </Filter>
    <Filter Include="Source files\SYSTEM">
      <UniqueIdentifier>{6e418716-b78c-4303-8dd2-3c2adecf18b5}</UniqueIdentifier>
    </Filter>
  </ItemGroup>
  <ItemGroup>
    <ClCompile Include="..\..\..\..\MDK-ARM\startup_stm32f103xb.s">
      <Filter>Source files\Application\MDK-ARM</Filter>
    </ClCompile>
    <ClCompile Include="..\..\..\..\Src\remote.c">
      <Filter>Source files\Application\User</Filter>
    </ClCompile>
    <ClCompile Include="..\..\..\..\Src\isr.c">
      <Filter>Source files\Application\User</Filter>
    </ClCompile>
    <ClCompile Include="..\..\..\..\Src\wired.c">
      <Filter>Source files\Application\User</Filter>
    </ClCompile>
    <ClCompile Include="..\..\..\..\Src\common.c">
      <Filter>Source files\Application\User</Filter>
    </ClCompile>
    <ClCompile Include="..\..\..\..\Src\main.c">
      <Filter>Source files\Application\User</Filter>
    </ClCompile>
    <ClCompile Include="..\..\..\..\Src\gpio.c">
      <Filter>Source files\Application\User</Filter>
    </ClCompile>
    <ClCompile Include="..\..\..\..\Src\tim.c">
      <Filter>Source files\Application\User</Filter>
    </ClCompile>
    <ClCompile Include="..\..\..\..\Src\usart.c">
      <Filter>Source files\Application\User</Filter>
    </ClCompile>
    <ClCompile Include="..\..\..\..\Src\stm32f1xx_it.c">
      <Filter>Source files\Application\User</Filter>
    </ClCompile>
    <ClCompile Include="..\..\..\..\Src\stm32f1xx_hal_msp.c">
      <Filter>Source files\Application\User</Filter>
    </ClCompile>
    <ClCompile Include="..\..\..\..\Drivers\STM32F1xx_HAL_Driver\Src\stm32f1xx_hal_gpio_ex.c">
      <Filter>Source files\Drivers\STM32F1xx_HAL_Driver</Filter>
    </ClCompile>
    <ClCompile Include="..\..\..\..\Drivers\STM32F1xx_HAL_Driver\Src\stm32f1xx_hal_tim.c">
      <Filter>Source files\Drivers\STM32F1xx_HAL_Driver</Filter>
    </ClCompile>
    <ClCompile Include="..\..\..\..\Drivers\STM32F1xx_HAL_Driver\Src\stm32f1xx_hal_tim_ex.c">
      <Filter>Source files\Drivers\STM32F1xx_HAL_Driver</Filter>
    </ClCompile>
    <ClCompile Include="..\..\..\..\Drivers\STM32F1xx_HAL_Driver\Src\stm32f1xx_hal_uart.c">
      <Filter>Source files\Drivers\STM32F1xx_HAL_Driver</Filter>
    </ClCompile>
    <ClCompile Include="..\..\..\..\Drivers\STM32F1xx_HAL_Driver\Src\stm32f1xx_hal.c">
      <Filter>Source files\Drivers\STM32F1xx_HAL_Driver</Filter>
    </ClCompile>
    <ClCompile Include="..\..\..\..\Drivers\STM32F1xx_HAL_Driver\Src\stm32f1xx_hal_rcc.c">
      <Filter>Source files\Drivers\STM32F1xx_HAL_Driver</Filter>
    </ClCompile>
    <ClCompile Include="..\..\..\..\Drivers\STM32F1xx_HAL_Driver\Src\stm32f1xx_hal_rcc_ex.c">
      <Filter>Source files\Drivers\STM32F1xx_HAL_Driver</Filter>
    </ClCompile>
    <ClCompile Include="..\..\..\..\Drivers\STM32F1xx_HAL_Driver\Src\stm32f1xx_hal_gpio.c">
      <Filter>Source files\Drivers\STM32F1xx_HAL_Driver</Filter>
    </ClCompile>
    <ClCompile Include="..\..\..\..\Drivers\STM32F1xx_HAL_Driver\Src\stm32f1xx_hal_dma.c">
      <Filter>Source files\Drivers\STM32F1xx_HAL_Driver</Filter>
    </ClCompile>
    <ClCompile Include="..\..\..\..\Drivers\STM32F1xx_HAL_Driver\Src\stm32f1xx_hal_cortex.c">
      <Filter>Source files\Drivers\STM32F1xx_HAL_Driver</Filter>
    </ClCompile>
    <ClCompile Include="..\..\..\..\Drivers\STM32F1xx_HAL_Driver\Src\stm32f1xx_hal_pwr.c">
      <Filter>Source files\Drivers\STM32F1xx_HAL_Driver</Filter>
    </ClCompile>
    <ClCompile Include="..\..\..\..\Drivers\STM32F1xx_HAL_Driver\Src\stm32f1xx_hal_flash.c">
      <Filter>Source files\Drivers\STM32F1xx_HAL_Driver</Filter>
    </ClCompile>
    <ClCompile Include="..\..\..\..\Drivers\STM32F1xx_HAL_Driver\Src\stm32f1xx_hal_flash_ex.c">
      <Filter>Source files\Drivers\STM32F1xx_HAL_Driver</Filter>
    </ClCompile>
    <ClCompile Include="..\..\..\..\Drivers\STM32F1xx_HAL_Driver\Src\stm32f1xx_hal_exti.c">
      <Filter>Source files\Drivers\STM32F1xx_HAL_Driver</Filter>
    </ClCompile>
    <ClCompile Include="..\..\..\..\Src\system_stm32f1xx.c">
      <Filter>Source files\Drivers\CMSIS</Filter>
    </ClCompile>
    <None Include="mcu.props">
      <Filter>Source files\Device-specific files</Filter>
    </None>
    <ClInclude Include="$(BSP_ROOT)\Device\Include\stm32f10x.h">
      <Filter>Header files\Device-specific files</Filter>
    </ClInclude>
    <None Include="MotorDriveControl_XiaoZhuo-Debug.vgdbsettings">
      <Filter>VisualGDB settings</Filter>
    </None>
    <None Include="MotorDriveControl_XiaoZhuo-Release.vgdbsettings">
      <Filter>VisualGDB settings</Filter>
    </None>
    <None Include="MCU.xml">
      <Filter>VisualGDB settings</Filter>
    </None>
    <ClCompile Include="..\..\..\..\Drivers\STM32F1xx_HAL_Driver\Src\stm32f1xx_hal_can.c">
      <Filter>Source files\Drivers\STM32F1xx_HAL_Driver</Filter>
    </ClCompile>
    <ClCompile Include="..\..\..\..\Drivers\STM32F1xx_HAL_Driver\Src\stm32f1xx_hal_cec.c">
      <Filter>Source files\Drivers\STM32F1xx_HAL_Driver</Filter>
    </ClCompile>
    <ClCompile Include="..\..\..\..\Drivers\STM32F1xx_HAL_Driver\Src\stm32f1xx_hal_crc.c">
      <Filter>Source files\Drivers\STM32F1xx_HAL_Driver</Filter>
    </ClCompile>
  </ItemGroup>
  <ItemGroup>
    <None Include="..\..\..\..\霄卓驱动器控制框图.vsdx">
      <Filter>Resource files</Filter>
    </None>
    <None Include="..\..\..\..\..\..\..\..\安保机器人\资料\电机&amp;电机驱动\轮毂电机\上海霄卓机器人\驱动器通信说明与列程\驱动器通讯说明.pdf">
      <Filter>Resource files</Filter>
    </None>
  </ItemGroup>
  <ItemGroup>
    <ClInclude Include="C:\Program Files (x86)\Sysprogs\VisualGDB\builtins_ia32.h">
      <Filter>Header files</Filter>
    </ClInclude>
    <ClInclude Include="..\..\..\..\Drivers\CMSIS\Include\cmsis_armcc.h">
      <Filter>Header files</Filter>
    </ClInclude>
    <ClInclude Include="..\..\..\..\Drivers\CMSIS\Include\cmsis_armclang.h">
      <Filter>Header files</Filter>
    </ClInclude>
    <ClInclude Include="..\..\..\..\Drivers\CMSIS\Include\cmsis_compiler.h">
      <Filter>Header files</Filter>
    </ClInclude>
    <ClInclude Include="..\..\..\..\Drivers\CMSIS\Include\cmsis_gcc.h">
      <Filter>Header files</Filter>
    </ClInclude>
    <ClInclude Include="..\..\..\..\Drivers\CMSIS\Include\cmsis_iccarm.h">
      <Filter>Header files</Filter>
    </ClInclude>
    <ClInclude Include="..\..\..\..\Drivers\CMSIS\Include\cmsis_version.h">
      <Filter>Header files</Filter>
    </ClInclude>
    <ClInclude Include="..\..\..\..\Inc\common.h">
      <Filter>Header files</Filter>
    </ClInclude>
    <ClInclude Include="..\..\..\..\Drivers\CMSIS\Include\core_cm3.h">
      <Filter>Header files</Filter>
    </ClInclude>
    <ClInclude Include="G:\MDK\ARM\ARMCC\include\ctype.h">
      <Filter>Header files</Filter>
    </ClInclude>
    <ClInclude Include="C:\Program Files (x86)\Sysprogs\VisualGDB\gcc_compat.h">
      <Filter>Header files</Filter>
    </ClInclude>
    <ClInclude Include="..\..\..\..\Inc\gpio.h">
      <Filter>Header files</Filter>
    </ClInclude>
    <ClInclude Include="..\..\..\..\Inc\isr.h">
      <Filter>Header files</Filter>
    </ClInclude>
    <ClInclude Include="..\..\..\..\Inc\main.h">
      <Filter>Header files</Filter>
    </ClInclude>
    <ClInclude Include="G:\MDK\ARM\ARMCC\include\math.h">
      <Filter>Header files</Filter>
    </ClInclude>
    <ClInclude Include="..\..\..\..\Drivers\CMSIS\Include\mpu_armv7.h">
      <Filter>Header files</Filter>
    </ClInclude>
    <ClInclude Include="..\..\..\..\Inc\remote.h">
      <Filter>Header files</Filter>
    </ClInclude>
    <ClInclude Include="..\..\..\..\Inc\sfr.h">
      <Filter>Header files</Filter>
    </ClInclude>
    <ClInclude Include="G:\MDK\ARM\ARMCC\include\stdarg.h">
      <Filter>Header files</Filter>
    </ClInclude>
    <ClInclude Include="G:\MDK\ARM\ARMCC\include\stdint.h">
      <Filter>Header files</Filter>
    </ClInclude>
    <ClInclude Include="..\..\..\..\Drivers\STM32F1xx_HAL_Driver\Inc\Legacy\stm32_hal_legacy.h">
      <Filter>Header files</Filter>
    </ClInclude>
    <ClInclude Include="..\..\..\..\Drivers\CMSIS\Device\ST\STM32F1xx\Include\stm32f1xx.h">
      <Filter>Header files</Filter>
    </ClInclude>
    <ClInclude Include="..\..\..\..\Drivers\STM32F1xx_HAL_Driver\Inc\stm32f1xx_hal.h">
      <Filter>Header files</Filter>
    </ClInclude>
    <ClInclude Include="..\..\..\..\Drivers\STM32F1xx_HAL_Driver\Inc\stm32f1xx_hal_adc.h">
      <Filter>Header files</Filter>
    </ClInclude>
    <ClInclude Include="..\..\..\..\Drivers\STM32F1xx_HAL_Driver\Inc\stm32f1xx_hal_adc_ex.h">
      <Filter>Header files</Filter>
    </ClInclude>
    <ClInclude Include="..\..\..\..\Drivers\STM32F1xx_HAL_Driver\Inc\stm32f1xx_hal_can.h">
      <Filter>Header files</Filter>
    </ClInclude>
    <ClInclude Include="..\..\..\..\Drivers\STM32F1xx_HAL_Driver\Inc\Legacy\stm32f1xx_hal_can_ex_legacy.h">
      <Filter>Header files</Filter>
    </ClInclude>
    <ClInclude Include="..\..\..\..\Drivers\STM32F1xx_HAL_Driver\Inc\Legacy\stm32f1xx_hal_can_legacy.h">
      <Filter>Header files</Filter>
    </ClInclude>
    <ClInclude Include="..\..\..\..\Drivers\STM32F1xx_HAL_Driver\Inc\stm32f1xx_hal_cec.h">
      <Filter>Header files</Filter>
    </ClInclude>
    <ClInclude Include="..\..\..\..\Inc\stm32f1xx_hal_conf.h">
      <Filter>Header files</Filter>
    </ClInclude>
    <ClInclude Include="..\..\..\..\Drivers\STM32F1xx_HAL_Driver\Inc\stm32f1xx_hal_cortex.h">
      <Filter>Header files</Filter>
    </ClInclude>
    <ClInclude Include="..\..\..\..\Drivers\STM32F1xx_HAL_Driver\Inc\stm32f1xx_hal_crc.h">
      <Filter>Header files</Filter>
    </ClInclude>
    <ClInclude Include="..\..\..\..\Drivers\STM32F1xx_HAL_Driver\Inc\stm32f1xx_hal_dac.h">
      <Filter>Header files</Filter>
    </ClInclude>
    <ClInclude Include="..\..\..\..\Drivers\STM32F1xx_HAL_Driver\Inc\stm32f1xx_hal_dac_ex.h">
      <Filter>Header files</Filter>
    </ClInclude>
    <ClInclude Include="..\..\..\..\Drivers\STM32F1xx_HAL_Driver\Inc\stm32f1xx_hal_def.h">
      <Filter>Header files</Filter>
    </ClInclude>
    <ClInclude Include="..\..\..\..\Drivers\STM32F1xx_HAL_Driver\Inc\stm32f1xx_hal_dma.h">
      <Filter>Header files</Filter>
    </ClInclude>
    <ClInclude Include="..\..\..\..\Drivers\STM32F1xx_HAL_Driver\Inc\stm32f1xx_hal_dma_ex.h">
      <Filter>Header files</Filter>
    </ClInclude>
    <ClInclude Include="..\..\..\..\Drivers\STM32F1xx_HAL_Driver\Inc\stm32f1xx_hal_eth.h">
      <Filter>Header files</Filter>
    </ClInclude>
    <ClInclude Include="..\..\..\..\Drivers\STM32F1xx_HAL_Driver\Inc\stm32f1xx_hal_exti.h">
      <Filter>Header files</Filter>
    </ClInclude>
    <ClInclude Include="..\..\..\..\Drivers\STM32F1xx_HAL_Driver\Inc\stm32f1xx_hal_flash.h">
      <Filter>Header files</Filter>
    </ClInclude>
    <ClInclude Include="..\..\..\..\Drivers\STM32F1xx_HAL_Driver\Inc\stm32f1xx_hal_flash_ex.h">
      <Filter>Header files</Filter>
    </ClInclude>
    <ClInclude Include="..\..\..\..\Drivers\STM32F1xx_HAL_Driver\Inc\stm32f1xx_hal_gpio.h">
      <Filter>Header files</Filter>
    </ClInclude>
    <ClInclude Include="..\..\..\..\Drivers\STM32F1xx_HAL_Driver\Inc\stm32f1xx_hal_gpio_ex.h">
      <Filter>Header files</Filter>
    </ClInclude>
    <ClInclude Include="..\..\..\..\Drivers\STM32F1xx_HAL_Driver\Inc\stm32f1xx_hal_hcd.h">
      <Filter>Header files</Filter>
    </ClInclude>
    <ClInclude Include="..\..\..\..\Drivers\STM32F1xx_HAL_Driver\Inc\stm32f1xx_hal_i2c.h">
      <Filter>Header files</Filter>
    </ClInclude>
    <ClInclude Include="..\..\..\..\Drivers\STM32F1xx_HAL_Driver\Inc\stm32f1xx_hal_i2s.h">
      <Filter>Header files</Filter>
    </ClInclude>
    <ClInclude Include="..\..\..\..\Drivers\STM32F1xx_HAL_Driver\Inc\stm32f1xx_hal_irda.h">
      <Filter>Header files</Filter>
    </ClInclude>
    <ClInclude Include="..\..\..\..\Drivers\STM32F1xx_HAL_Driver\Inc\stm32f1xx_hal_iwdg.h">
      <Filter>Header files</Filter>
    </ClInclude>
    <ClInclude Include="..\..\..\..\Drivers\STM32F1xx_HAL_Driver\Inc\stm32f1xx_hal_mmc.h">
      <Filter>Header files</Filter>
    </ClInclude>
    <ClInclude Include="..\..\..\..\Drivers\STM32F1xx_HAL_Driver\Inc\stm32f1xx_hal_nand.h">
      <Filter>Header files</Filter>
    </ClInclude>
    <ClInclude Include="..\..\..\..\Drivers\STM32F1xx_HAL_Driver\Inc\stm32f1xx_hal_nor.h">
      <Filter>Header files</Filter>
    </ClInclude>
    <ClInclude Include="..\..\..\..\Drivers\STM32F1xx_HAL_Driver\Inc\stm32f1xx_hal_pccard.h">
      <Filter>Header files</Filter>
    </ClInclude>
    <ClInclude Include="..\..\..\..\Drivers\STM32F1xx_HAL_Driver\Inc\stm32f1xx_hal_pcd.h">
      <Filter>Header files</Filter>
    </ClInclude>
    <ClInclude Include="..\..\..\..\Drivers\STM32F1xx_HAL_Driver\Inc\stm32f1xx_hal_pcd_ex.h">
      <Filter>Header files</Filter>
    </ClInclude>
    <ClInclude Include="..\..\..\..\Drivers\STM32F1xx_HAL_Driver\Inc\stm32f1xx_hal_pwr.h">
      <Filter>Header files</Filter>
    </ClInclude>
    <ClInclude Include="..\..\..\..\Drivers\STM32F1xx_HAL_Driver\Inc\stm32f1xx_hal_rcc.h">
      <Filter>Header files</Filter>
    </ClInclude>
    <ClInclude Include="..\..\..\..\Drivers\STM32F1xx_HAL_Driver\Inc\stm32f1xx_hal_rcc_ex.h">
      <Filter>Header files</Filter>
    </ClInclude>
    <ClInclude Include="..\..\..\..\Drivers\STM32F1xx_HAL_Driver\Inc\stm32f1xx_hal_rtc.h">
      <Filter>Header files</Filter>
    </ClInclude>
    <ClInclude Include="..\..\..\..\Drivers\STM32F1xx_HAL_Driver\Inc\stm32f1xx_hal_rtc_ex.h">
      <Filter>Header files</Filter>
    </ClInclude>
    <ClInclude Include="..\..\..\..\Drivers\STM32F1xx_HAL_Driver\Inc\stm32f1xx_hal_sd.h">
      <Filter>Header files</Filter>
    </ClInclude>
    <ClInclude Include="..\..\..\..\Drivers\STM32F1xx_HAL_Driver\Inc\stm32f1xx_hal_smartcard.h">
      <Filter>Header files</Filter>
    </ClInclude>
    <ClInclude Include="..\..\..\..\Drivers\STM32F1xx_HAL_Driver\Inc\stm32f1xx_hal_spi.h">
      <Filter>Header files</Filter>
    </ClInclude>
    <ClInclude Include="..\..\..\..\Drivers\STM32F1xx_HAL_Driver\Inc\stm32f1xx_hal_sram.h">
      <Filter>Header files</Filter>
    </ClInclude>
    <ClInclude Include="..\..\..\..\Drivers\STM32F1xx_HAL_Driver\Inc\stm32f1xx_hal_tim.h">
      <Filter>Header files</Filter>
    </ClInclude>
    <ClInclude Include="..\..\..\..\Drivers\STM32F1xx_HAL_Driver\Inc\stm32f1xx_hal_tim_ex.h">
      <Filter>Header files</Filter>
    </ClInclude>
    <ClInclude Include="..\..\..\..\Drivers\STM32F1xx_HAL_Driver\Inc\stm32f1xx_hal_uart.h">
      <Filter>Header files</Filter>
    </ClInclude>
    <ClInclude Include="..\..\..\..\Drivers\STM32F1xx_HAL_Driver\Inc\stm32f1xx_hal_usart.h">
      <Filter>Header files</Filter>
    </ClInclude>
    <ClInclude Include="..\..\..\..\Drivers\STM32F1xx_HAL_Driver\Inc\stm32f1xx_hal_wwdg.h">
      <Filter>Header files</Filter>
    </ClInclude>
    <ClInclude Include="..\..\..\..\Inc\stm32f1xx_it.h">
      <Filter>Header files</Filter>
    </ClInclude>
    <ClInclude Include="..\..\..\..\Drivers\STM32F1xx_HAL_Driver\Inc\stm32f1xx_ll_fsmc.h">
      <Filter>Header files</Filter>
    </ClInclude>
    <ClInclude Include="..\..\..\..\Drivers\STM32F1xx_HAL_Driver\Inc\stm32f1xx_ll_sdmmc.h">
      <Filter>Header files</Filter>
    </ClInclude>
    <ClInclude Include="..\..\..\..\Drivers\STM32F1xx_HAL_Driver\Inc\stm32f1xx_ll_usb.h">
      <Filter>Header files</Filter>
    </ClInclude>
    <ClInclude Include="..\..\..\..\Drivers\CMSIS\Device\ST\STM32F1xx\Include\stm32f100xb.h">
      <Filter>Header files</Filter>
    </ClInclude>
    <ClInclude Include="..\..\..\..\Drivers\CMSIS\Device\ST\STM32F1xx\Include\stm32f100xe.h">
      <Filter>Header files</Filter>
    </ClInclude>
    <ClInclude Include="..\..\..\..\Drivers\CMSIS\Device\ST\STM32F1xx\Include\stm32f101x6.h">
      <Filter>Header files</Filter>
    </ClInclude>
    <ClInclude Include="..\..\..\..\Drivers\CMSIS\Device\ST\STM32F1xx\Include\stm32f101xb.h">
      <Filter>Header files</Filter>
    </ClInclude>
    <ClInclude Include="..\..\..\..\Drivers\CMSIS\Device\ST\STM32F1xx\Include\stm32f101xe.h">
      <Filter>Header files</Filter>
    </ClInclude>
    <ClInclude Include="..\..\..\..\Drivers\CMSIS\Device\ST\STM32F1xx\Include\stm32f101xg.h">
      <Filter>Header files</Filter>
    </ClInclude>
    <ClInclude Include="..\..\..\..\Drivers\CMSIS\Device\ST\STM32F1xx\Include\stm32f102x6.h">
      <Filter>Header files</Filter>
    </ClInclude>
    <ClInclude Include="..\..\..\..\Drivers\CMSIS\Device\ST\STM32F1xx\Include\stm32f102xb.h">
      <Filter>Header files</Filter>
    </ClInclude>
    <ClInclude Include="..\..\..\..\Drivers\CMSIS\Device\ST\STM32F1xx\Include\stm32f103x6.h">
      <Filter>Header files</Filter>
    </ClInclude>
    <ClInclude Include="..\..\..\..\Drivers\CMSIS\Device\ST\STM32F1xx\Include\stm32f103xb.h">
      <Filter>Header files</Filter>
    </ClInclude>
    <ClInclude Include="..\..\..\..\Drivers\CMSIS\Device\ST\STM32F1xx\Include\stm32f103xe.h">
      <Filter>Header files</Filter>
    </ClInclude>
    <ClInclude Include="..\..\..\..\Drivers\CMSIS\Device\ST\STM32F1xx\Include\stm32f103xg.h">
      <Filter>Header files</Filter>
    </ClInclude>
    <ClInclude Include="..\..\..\..\Drivers\CMSIS\Device\ST\STM32F1xx\Include\stm32f105xc.h">
      <Filter>Header files</Filter>
    </ClInclude>
    <ClInclude Include="..\..\..\..\Drivers\CMSIS\Device\ST\STM32F1xx\Include\stm32f107xc.h">
      <Filter>Header files</Filter>
    </ClInclude>
    <ClInclude Include="G:\MDK\ARM\ARMCC\include\string.h">
      <Filter>Header files</Filter>
    </ClInclude>
    <ClInclude Include="..\..\..\..\Drivers\CMSIS\Device\ST\STM32F1xx\Include\system_stm32f1xx.h">
      <Filter>Header files</Filter>
    </ClInclude>
    <ClInclude Include="..\..\..\..\Inc\tim.h">
      <Filter>Header files</Filter>
    </ClInclude>
    <ClInclude Include="..\..\..\..\Inc\usart.h">
      <Filter>Header files</Filter>
    </ClInclude>
    <ClInclude Include="..\..\..\..\Inc\wired.h">
      <Filter>Header files</Filter>
    </ClInclude>
  </ItemGroup>
</Project>